# THIS IS AN AUTOGENERATED FILE. DO NOT EDIT THIS FILE DIRECTLY.
# yarn lockfile v1


"@types/fs-extra@^9.0.4":
  version "9.0.4"
  resolved "http://npm.dui88.com:80/@types%2ffs-extra/-/fs-extra-9.0.4.tgz#12553138cf0438db9a31cdc8b0a3aa9332eb67aa"
  integrity sha1-ElUxOM8EONuaMc3IsKOqkzLrZ6o=
  dependencies:
    "@types/node" "*"

"@types/node-fetch@^2.5.7":
  version "2.5.7"
  resolved "http://npm.dui88.com:80/@types%2fnode-fetch/-/node-fetch-2.5.7.tgz#20a2afffa882ab04d44ca786449a276f9f6bbf3c"
  integrity sha1-IKKv/6iCqwTUTKeGRJonb59rvzw=
  dependencies:
    "@types/node" "*"
    form-data "^3.0.0"

"@types/node@*":
  version "14.14.11"
  resolved "http://npm.dui88.com:80/@types%2fnode/-/node-14.14.11.tgz#fc25a4248a5e8d0837019b1d170146d07334abe0"
  integrity sha1-/CWkJIpejQg3AZsdFwFG0HM0q+A=

asynckit@^0.4.0:
  version "0.4.0"
  resolved "http://npm.dui88.com:80/asynckit/-/asynckit-0.4.0.tgz#c79ed97f7f34cb8f2ba1bc9790bcc366474b4b79"
  integrity sha1-x57Zf380y48robyXkLzDZkdLS3k=

at-least-node@^1.0.0:
  version "1.0.0"
  resolved "http://npm.dui88.com:80/at-least-node/-/at-least-node-1.0.0.tgz#602cd4b46e844ad4effc92a8011a3c46e0238dc2"
  integrity sha1-YCzUtG6EStTv/JKoARo8RuAjjcI=

combined-stream@^1.0.8:
  version "1.0.8"
  resolved "http://npm.dui88.com:80/combined-stream/-/combined-stream-1.0.8.tgz#c3d45a8b34fd730631a110a8a2520682b31d5a7f"
  integrity sha1-w9RaizT9cwYxoRCoolIGgrMdWn8=
  dependencies:
    delayed-stream "~1.0.0"

delayed-stream@~1.0.0:
  version "1.0.0"
  resolved "http://npm.dui88.com:80/delayed-stream/-/delayed-stream-1.0.0.tgz#df3ae199acadfb7d440aaae0b29e2272b24ec619"
  integrity sha1-3zrhmayt+31ECqrgsp4icrJOxhk=

form-data@^3.0.0:
  version "3.0.0"
  resolved "http://npm.dui88.com:80/form-data/-/form-data-3.0.0.tgz#31b7e39c85f1355b7139ee0c647cf0de7f83c682"
  integrity sha1-MbfjnIXxNVtxOe4MZHzw3n+DxoI=
  dependencies:
    asynckit "^0.4.0"
    combined-stream "^1.0.8"
    mime-types "^2.1.12"

fs-extra@^9.0.1:
  version "9.0.1"
  resolved "http://npm.dui88.com:80/fs-extra/-/fs-extra-9.0.1.tgz#910da0062437ba4c39fedd863f1675ccfefcb9fc"
  integrity sha1-kQ2gBiQ3ukw5/t2GPxZ1zP78ufw=
  dependencies:
    at-least-node "^1.0.0"
    graceful-fs "^4.2.0"
    jsonfile "^6.0.1"
    universalify "^1.0.0"

graceful-fs@^4.1.6, graceful-fs@^4.2.0:
  version "4.2.4"
  resolved "http://npm.dui88.com:80/graceful-fs/-/graceful-fs-4.2.4.tgz#2256bde14d3632958c465ebc96dc467ca07a29fb"
  integrity sha1-Ila94U02MpWMRl68ltxGfKB6Kfs=

jsonfile@^6.0.1:
  version "6.1.0"
  resolved "http://npm.dui88.com:80/jsonfile/-/jsonfile-6.1.0.tgz#bc55b2634793c679ec6403094eb13698a6ec0aae"
  integrity sha1-vFWyY0eTxnnsZAMJTrE2mKbsCq4=
  dependencies:
    universalify "^2.0.0"
  optionalDependencies:
    graceful-fs "^4.1.6"

merge@^2.1.0:
  version "2.1.0"
  resolved "http://npm.dui88.com:80/merge/-/merge-2.1.0.tgz#91fff62458ba2eca378dd395fa85f1690bf87f60"
  integrity sha1-kf/2JFi6Lso3jdOV+oXxaQv4f2A=

mime-db@1.44.0:
  version "1.44.0"
  resolved "http://npm.dui88.com:80/mime-db/-/mime-db-1.44.0.tgz#fa11c5eb0aca1334b4233cb4d52f10c5a6272f92"
  integrity sha1-+hHF6wrKEzS0Izy01S8QxaYnL5I=

mime-types@^2.1.12:
  version "2.1.27"
  resolved "http://npm.dui88.com:80/mime-types/-/mime-types-2.1.27.tgz#47949f98e279ea53119f5722e0f34e529bec009f"
  integrity sha1-R5SfmOJ56lMRn1ci4PNOUpvsAJ8=
  dependencies:
    mime-db "1.44.0"

node-fetch@^2.6.1:
  version "2.6.1"
  resolved "http://npm.dui88.com:80/node-fetch/-/node-fetch-2.6.1.tgz#045bd323631f76ed2e2b55573394416b639a0052"
  integrity sha1-BFvTI2Mfdu0uK1VXM5RBa2OaAFI=

typescript@^4.1.2:
  version "4.1.2"
  resolved "http://npm.dui88.com:80/typescript/-/typescript-4.1.2.tgz#6369ef22516fe5e10304aae5a5c4862db55380e9"
  integrity sha1-Y2nvIlFv5eEDBKrlpcSGLbVTgOk=

universalify@^1.0.0:
  version "1.0.0"
  resolved "http://npm.dui88.com:80/universalify/-/universalify-1.0.0.tgz#b61a1da173e8435b2fe3c67d29b9adf8594bd16d"
  integrity sha1-thodoXPoQ1sv48Z9Kbmt+FlL0W0=

universalify@^2.0.0:
  version "2.0.0"
  resolved "http://npm.dui88.com:80/universalify/-/universalify-2.0.0.tgz#75a4984efedc4b08975c5aeb73f530d02df25717"
  integrity sha1-daSYTv7cSwiXXFrrc/Uw0C3yVxc=

vm2@^3.9.2:
  version "3.9.2"
  resolved "http://npm.dui88.com:80/vm2/-/vm2-3.9.2.tgz#a4085d2d88a808a1b3c06d5478c2db3222a9cc30"
  integrity sha1-pAhdLYioCKGzwG1UeMLbMiKpzDA=
